
Microsoft Visual Studio Solution File, Format Version 12.00
# Visual Studio 15
VisualStudioVersion = 15.0.27130.2010
MinimumVisualStudioVersion = 10.0.40219.1
Project("{FAE04EC0-301F-11D3-BF4B-00C04F79EFBC}") = "MyWebAPI", "MyWebAPI\MyWebAPI.csproj", "{C9831DED-7446-47C0-85F3-CA0A09534FDA}"
EndProject
Project("{FAE04EC0-301F-11D3-BF4B-00C04F79EFBC}") = "MyWebAPI.Tests", "MyWebAPI.Tests\MyWebAPI.Tests.csproj", "{95FAFDF7-0411-447E-AB25-5F8179C6F28B}"
EndProject
Global
	GlobalSection(SolutionConfigurationPlatforms) = preSolution
		Debug|Any CPU = Debug|Any CPU
		Release|Any CPU = Release|Any CPU
	EndGlobalSection
	GlobalSection(ProjectConfigurationPlatforms) = postSolution
		{C9831DED-7446-47C0-85F3-CA0A09534FDA}.Debug|Any CPU.ActiveCfg = Debug|Any CPU
		{C9831DED-7446-47C0-85F3-CA0A09534FDA}.Debug|Any CPU.Build.0 = Debug|Any CPU
		{C9831DED-7446-47C0-85F3-CA0A09534FDA}.Release|Any CPU.ActiveCfg = Release|Any CPU
		{C9831DED-7446-47C0-85F3-CA0A09534FDA}.Release|Any CPU.Build.0 = Release|Any CPU
		{95FAFDF7-0411-447E-AB25-5F8179C6F28B}.Debug|Any CPU.ActiveCfg = Debug|Any CPU
		{95FAFDF7-0411-447E-AB25-5F8179C6F28B}.Debug|Any CPU.Build.0 = Debug|Any CPU
		{95FAFDF7-0411-447E-AB25-5F8179C6F28B}.Release|Any CPU.ActiveCfg = Release|Any CPU
		{95FAFDF7-0411-447E-AB25-5F8179C6F28B}.Release|Any CPU.Build.0 = Release|Any CPU
	EndGlobalSection
	GlobalSection(SolutionProperties) = preSolution
		HideSolutionNode = FALSE
	EndGlobalSection
	GlobalSection(ExtensibilityGlobals) = postSolution
		SolutionGuid = {AE8E41AB-CE10-4793-86D4-331ED06A0402}
	EndGlobalSection
EndGlobal
